
Microsoft Visual Studio Solution File, Format Version 12.00
Project("{FAE04EC0-301F-11D3-BF4B-00C04F79EFBC}") = "SimpleBattleships", "SimpleBattleships\SimpleBattleships.csproj", "{7C67B4FA-BE7F-4288-818D-A8273F26F673}"
EndProject
Project("{2150E333-8FDC-42A3-9474-1A3956D46DE8}") = "Solution Items", "Solution Items", "{CFA54AEF-8475-4742-8895-E52E26778347}"
	ProjectSection(SolutionItems) = preProject
		compose.yaml = compose.yaml
	EndProjectSection
EndProject
Project("{FAE04EC0-301F-11D3-BF4B-00C04F79EFBC}") = "UnitTests", "UnitTests\UnitTests.csproj", "{D0214EF5-A627-441B-A2BE-DBB556DC844E}"
EndProject
Global
	GlobalSection(SolutionConfigurationPlatforms) = preSolution
		Debug|Any CPU = Debug|Any CPU
		Release|Any CPU = Release|Any CPU
	EndGlobalSection
	GlobalSection(ProjectConfigurationPlatforms) = postSolution
		{7C67B4FA-BE7F-4288-818D-A8273F26F673}.Debug|Any CPU.ActiveCfg = Debug|Any CPU
		{7C67B4FA-BE7F-4288-818D-A8273F26F673}.Debug|Any CPU.Build.0 = Debug|Any CPU
		{7C67B4FA-BE7F-4288-818D-A8273F26F673}.Release|Any CPU.ActiveCfg = Release|Any CPU
		{7C67B4FA-BE7F-4288-818D-A8273F26F673}.Release|Any CPU.Build.0 = Release|Any CPU
		{D0214EF5-A627-441B-A2BE-DBB556DC844E}.Debug|Any CPU.ActiveCfg = Debug|Any CPU
		{D0214EF5-A627-441B-A2BE-DBB556DC844E}.Debug|Any CPU.Build.0 = Debug|Any CPU
		{D0214EF5-A627-441B-A2BE-DBB556DC844E}.Release|Any CPU.ActiveCfg = Release|Any CPU
		{D0214EF5-A627-441B-A2BE-DBB556DC844E}.Release|Any CPU.Build.0 = Release|Any CPU
	EndGlobalSection
EndGlobal
